
Microsoft Visual Studio Solution File, Format Version 12.00
# Visual Studio Version 16
VisualStudioVersion = 16.0.29613.14
MinimumVisualStudioVersion = 10.0.40219.1
Project("{FAE04EC0-301F-11D3-BF4B-00C04F79EFBC}") = "Builder", "Builder\Builder.csproj", "{02EED97A-FB1B-4F2D-ACCF-C1D3C565E33C}"
EndProject
Global
	GlobalSection(SolutionConfigurationPlatforms) = preSolution
		Debug|Any CPU = Debug|Any CPU
		Release|Any CPU = Release|Any CPU
	EndGlobalSection
	GlobalSection(ProjectConfigurationPlatforms) = postSolution
		{02EED97A-FB1B-4F2D-ACCF-C1D3C565E33C}.Debug|Any CPU.ActiveCfg = Debug|Any CPU
		{02EED97A-FB1B-4F2D-ACCF-C1D3C565E33C}.Debug|Any CPU.Build.0 = Debug|Any CPU
		{02EED97A-FB1B-4F2D-ACCF-C1D3C565E33C}.Release|Any CPU.ActiveCfg = Release|Any CPU
		{02EED97A-FB1B-4F2D-ACCF-C1D3C565E33C}.Release|Any CPU.Build.0 = Release|Any CPU
	EndGlobalSection
	GlobalSection(SolutionProperties) = preSolution
		HideSolutionNode = FALSE
	EndGlobalSection
	GlobalSection(ExtensibilityGlobals) = postSolution
		SolutionGuid = {7E18DF7B-4E1A-448F-A95A-BC31BA4B159B}
	EndGlobalSection
EndGlobal
